
Microsoft Visual Studio Solution File, Format Version 12.00
Project("{FAE04EC0-301F-11D3-BF4B-00C04F79EFBC}") = "E-CommerceApp", "E-CommerceApp\E-CommerceApp.csproj", "{C2919DCD-D614-4832-B049-7874802814F4}"
EndProject
Project("{FAE04EC0-301F-11D3-BF4B-00C04F79EFBC}") = "App.Models", "App.Models\App.Models.csproj", "{0DF074D0-4DF2-4D62-95BE-2D90A8DFF2F8}"
EndProject
Project("{FAE04EC0-301F-11D3-BF4B-00C04F79EFBC}") = "App.Repositories", "App.Repositories\App.Repositories.csproj", "{530EFFB3-FD8C-41C4-AFC5-96DBBC5CAC9E}"
EndProject
Project("{FAE04EC0-301F-11D3-BF4B-00C04F79EFBC}") = "App.Utiltity", "App.Utiltity\App.Utiltity.csproj", "{84A93D8B-F186-44A6-A9EE-6F8371BB2AED}"
EndProject
Project("{FAE04EC0-301F-11D3-BF4B-00C04F79EFBC}") = "App.Validation", "App.Validation\App.Validation.csproj", "{28469560-753C-4479-BCBE-F5DA599780A7}"
EndProject
Global
	GlobalSection(SolutionConfigurationPlatforms) = preSolution
		Debug|Any CPU = Debug|Any CPU
		Release|Any CPU = Release|Any CPU
	EndGlobalSection
	GlobalSection(ProjectConfigurationPlatforms) = postSolution
		{C2919DCD-D614-4832-B049-7874802814F4}.Debug|Any CPU.ActiveCfg = Debug|Any CPU
		{C2919DCD-D614-4832-B049-7874802814F4}.Debug|Any CPU.Build.0 = Debug|Any CPU
		{C2919DCD-D614-4832-B049-7874802814F4}.Release|Any CPU.ActiveCfg = Release|Any CPU
		{C2919DCD-D614-4832-B049-7874802814F4}.Release|Any CPU.Build.0 = Release|Any CPU
		{0DF074D0-4DF2-4D62-95BE-2D90A8DFF2F8}.Debug|Any CPU.ActiveCfg = Debug|Any CPU
		{0DF074D0-4DF2-4D62-95BE-2D90A8DFF2F8}.Debug|Any CPU.Build.0 = Debug|Any CPU
		{0DF074D0-4DF2-4D62-95BE-2D90A8DFF2F8}.Release|Any CPU.ActiveCfg = Release|Any CPU
		{0DF074D0-4DF2-4D62-95BE-2D90A8DFF2F8}.Release|Any CPU.Build.0 = Release|Any CPU
		{530EFFB3-FD8C-41C4-AFC5-96DBBC5CAC9E}.Debug|Any CPU.ActiveCfg = Debug|Any CPU
		{530EFFB3-FD8C-41C4-AFC5-96DBBC5CAC9E}.Debug|Any CPU.Build.0 = Debug|Any CPU
		{530EFFB3-FD8C-41C4-AFC5-96DBBC5CAC9E}.Release|Any CPU.ActiveCfg = Release|Any CPU
		{530EFFB3-FD8C-41C4-AFC5-96DBBC5CAC9E}.Release|Any CPU.Build.0 = Release|Any CPU
		{84A93D8B-F186-44A6-A9EE-6F8371BB2AED}.Debug|Any CPU.ActiveCfg = Debug|Any CPU
		{84A93D8B-F186-44A6-A9EE-6F8371BB2AED}.Debug|Any CPU.Build.0 = Debug|Any CPU
		{84A93D8B-F186-44A6-A9EE-6F8371BB2AED}.Release|Any CPU.ActiveCfg = Release|Any CPU
		{84A93D8B-F186-44A6-A9EE-6F8371BB2AED}.Release|Any CPU.Build.0 = Release|Any CPU
		{28469560-753C-4479-BCBE-F5DA599780A7}.Debug|Any CPU.ActiveCfg = Debug|Any CPU
		{28469560-753C-4479-BCBE-F5DA599780A7}.Debug|Any CPU.Build.0 = Debug|Any CPU
		{28469560-753C-4479-BCBE-F5DA599780A7}.Release|Any CPU.ActiveCfg = Release|Any CPU
		{28469560-753C-4479-BCBE-F5DA599780A7}.Release|Any CPU.Build.0 = Release|Any CPU
	EndGlobalSection
EndGlobal
